
Microsoft Visual Studio Solution File, Format Version 12.00
# Visual Studio Version 16
VisualStudioVersion = 16.0.32126.315
MinimumVisualStudioVersion = 10.0.40219.1
Project("{8BC9CEB8-8B4A-11D0-8D11-00A0C91BC942}") = "baumer_22_3_8", "baumer_22_3_8.vcxproj", "{778A17DA-3EDB-4AEC-9316-BB54E97F4146}"
EndProject
Global
	GlobalSection(SolutionConfigurationPlatforms) = preSolution
		Debug|x64 = Debug|x64
		Release|x64 = Release|x64
	EndGlobalSection
	GlobalSection(ProjectConfigurationPlatforms) = postSolution
		{778A17DA-3EDB-4AEC-9316-BB54E97F4146}.Debug|x64.ActiveCfg = Debug|x64
		{778A17DA-3EDB-4AEC-9316-BB54E97F4146}.Debug|x64.Build.0 = Debug|x64
		{778A17DA-3EDB-4AEC-9316-BB54E97F4146}.Release|x64.ActiveCfg = Release|x64
		{778A17DA-3EDB-4AEC-9316-BB54E97F4146}.Release|x64.Build.0 = Release|x64
	EndGlobalSection
	GlobalSection(SolutionProperties) = preSolution
		HideSolutionNode = FALSE
	EndGlobalSection
	GlobalSection(ExtensibilityGlobals) = postSolution
		SolutionGuid = {9599D8B6-49A7-4138-B06D-2B0E6BE89AFA}
	EndGlobalSection
EndGlobal
